
Microsoft Visual Studio Solution File, Format Version 12.00
# Visual Studio 15
VisualStudioVersion = 15.0.27004.2005
MinimumVisualStudioVersion = 10.0.40219.1
Project("{2150E333-8FDC-42A3-9474-1A3956D46DE8}") = "Public", "Public", "{34BCB290-B8AD-4DAA-952B-D9B85E290835}"
EndProject
Project("{2150E333-8FDC-42A3-9474-1A3956D46DE8}") = "Testing", "Testing", "{9B0F17F7-6C51-4EEA-AC5F-70F9E9CF4CE8}"
EndProject
Project("{9A19103F-16F7-4668-BE54-9A1E7A4F7556}") = "Quokka.FPGA", "Public\FPGA\Quokka.FPGA.csproj", "{7726E4B2-A713-4952-9D73-587F3DBB5449}"
EndProject
Project("{9A19103F-16F7-4668-BE54-9A1E7A4F7556}") = "Quokka.Public.Tools", "Public\Tools\Quokka.Public.Tools.csproj", "{96534052-BE53-4800-9860-924D386A5483}"
EndProject
Project("{9A19103F-16F7-4668-BE54-9A1E7A4F7556}") = "QuokkaCLI", "Public\QuokkaCLI\QuokkaCLI.csproj", "{6D4A07CC-AD0C-4F3E-B0DE-3E847A85A20A}"
EndProject
Project("{9A19103F-16F7-4668-BE54-9A1E7A4F7556}") = "DTOs", "Testing\DTOs\DTOs.csproj", "{5120D44D-6972-4D5F-A52E-4031A76A9C39}"
EndProject
Project("{9A19103F-16F7-4668-BE54-9A1E7A4F7556}") = "Drivers", "Testing\Drivers\Drivers.csproj", "{27F3DAD1-4668-466E-87C2-56A2E07E592C}"
EndProject
Project("{9A19103F-16F7-4668-BE54-9A1E7A4F7556}") = "Controllers", "Testing\Controllers\Controllers.csproj", "{5A81A72E-C4E2-4B46-8E07-54CE09E25667}"
EndProject
Project("{9A19103F-16F7-4668-BE54-9A1E7A4F7556}") = "FunctionalTest", "Testing\FunctionalTest\FunctionalTest.csproj", "{8A4DB70C-07FA-41BC-A54D-3A8D8975A83F}"
EndProject
Project("{9A19103F-16F7-4668-BE54-9A1E7A4F7556}") = "TachoDemo", "Testing\TachoDemo\TachoDemo.csproj", "{F6A9A037-EF5D-4092-BC9E-59E00DEB730E}"
EndProject
Global
	GlobalSection(SolutionConfigurationPlatforms) = preSolution
		Debug|Any CPU = Debug|Any CPU
		Release|Any CPU = Release|Any CPU
	EndGlobalSection
	GlobalSection(ProjectConfigurationPlatforms) = postSolution
		{7726E4B2-A713-4952-9D73-587F3DBB5449}.Debug|Any CPU.ActiveCfg = Debug|Any CPU
		{7726E4B2-A713-4952-9D73-587F3DBB5449}.Debug|Any CPU.Build.0 = Debug|Any CPU
		{7726E4B2-A713-4952-9D73-587F3DBB5449}.Release|Any CPU.ActiveCfg = Release|Any CPU
		{7726E4B2-A713-4952-9D73-587F3DBB5449}.Release|Any CPU.Build.0 = Release|Any CPU
		{96534052-BE53-4800-9860-924D386A5483}.Debug|Any CPU.ActiveCfg = Debug|Any CPU
		{96534052-BE53-4800-9860-924D386A5483}.Debug|Any CPU.Build.0 = Debug|Any CPU
		{96534052-BE53-4800-9860-924D386A5483}.Release|Any CPU.ActiveCfg = Release|Any CPU
		{96534052-BE53-4800-9860-924D386A5483}.Release|Any CPU.Build.0 = Release|Any CPU
		{6D4A07CC-AD0C-4F3E-B0DE-3E847A85A20A}.Debug|Any CPU.ActiveCfg = Debug|Any CPU
		{6D4A07CC-AD0C-4F3E-B0DE-3E847A85A20A}.Debug|Any CPU.Build.0 = Debug|Any CPU
		{6D4A07CC-AD0C-4F3E-B0DE-3E847A85A20A}.Release|Any CPU.ActiveCfg = Release|Any CPU
		{6D4A07CC-AD0C-4F3E-B0DE-3E847A85A20A}.Release|Any CPU.Build.0 = Release|Any CPU
		{5120D44D-6972-4D5F-A52E-4031A76A9C39}.Debug|Any CPU.ActiveCfg = Debug|Any CPU
		{5120D44D-6972-4D5F-A52E-4031A76A9C39}.Debug|Any CPU.Build.0 = Debug|Any CPU
		{5120D44D-6972-4D5F-A52E-4031A76A9C39}.Release|Any CPU.ActiveCfg = Release|Any CPU
		{5120D44D-6972-4D5F-A52E-4031A76A9C39}.Release|Any CPU.Build.0 = Release|Any CPU
		{27F3DAD1-4668-466E-87C2-56A2E07E592C}.Debug|Any CPU.ActiveCfg = Debug|Any CPU
		{27F3DAD1-4668-466E-87C2-56A2E07E592C}.Debug|Any CPU.Build.0 = Debug|Any CPU
		{27F3DAD1-4668-466E-87C2-56A2E07E592C}.Release|Any CPU.ActiveCfg = Release|Any CPU
		{27F3DAD1-4668-466E-87C2-56A2E07E592C}.Release|Any CPU.Build.0 = Release|Any CPU
		{5A81A72E-C4E2-4B46-8E07-54CE09E25667}.Debug|Any CPU.ActiveCfg = Debug|Any CPU
		{5A81A72E-C4E2-4B46-8E07-54CE09E25667}.Debug|Any CPU.Build.0 = Debug|Any CPU
		{5A81A72E-C4E2-4B46-8E07-54CE09E25667}.Release|Any CPU.ActiveCfg = Release|Any CPU
		{5A81A72E-C4E2-4B46-8E07-54CE09E25667}.Release|Any CPU.Build.0 = Release|Any CPU
		{8A4DB70C-07FA-41BC-A54D-3A8D8975A83F}.Debug|Any CPU.ActiveCfg = Debug|Any CPU
		{8A4DB70C-07FA-41BC-A54D-3A8D8975A83F}.Debug|Any CPU.Build.0 = Debug|Any CPU
		{8A4DB70C-07FA-41BC-A54D-3A8D8975A83F}.Release|Any CPU.ActiveCfg = Release|Any CPU
		{8A4DB70C-07FA-41BC-A54D-3A8D8975A83F}.Release|Any CPU.Build.0 = Release|Any CPU
		{F6A9A037-EF5D-4092-BC9E-59E00DEB730E}.Debug|Any CPU.ActiveCfg = Debug|Any CPU
		{F6A9A037-EF5D-4092-BC9E-59E00DEB730E}.Debug|Any CPU.Build.0 = Debug|Any CPU
		{F6A9A037-EF5D-4092-BC9E-59E00DEB730E}.Release|Any CPU.ActiveCfg = Release|Any CPU
		{F6A9A037-EF5D-4092-BC9E-59E00DEB730E}.Release|Any CPU.Build.0 = Release|Any CPU
	EndGlobalSection
	GlobalSection(SolutionProperties) = preSolution
		HideSolutionNode = FALSE
	EndGlobalSection
	GlobalSection(NestedProjects) = preSolution
		{7726E4B2-A713-4952-9D73-587F3DBB5449} = {34BCB290-B8AD-4DAA-952B-D9B85E290835}
		{96534052-BE53-4800-9860-924D386A5483} = {34BCB290-B8AD-4DAA-952B-D9B85E290835}
		{6D4A07CC-AD0C-4F3E-B0DE-3E847A85A20A} = {34BCB290-B8AD-4DAA-952B-D9B85E290835}
		{5120D44D-6972-4D5F-A52E-4031A76A9C39} = {9B0F17F7-6C51-4EEA-AC5F-70F9E9CF4CE8}
		{27F3DAD1-4668-466E-87C2-56A2E07E592C} = {9B0F17F7-6C51-4EEA-AC5F-70F9E9CF4CE8}
		{5A81A72E-C4E2-4B46-8E07-54CE09E25667} = {9B0F17F7-6C51-4EEA-AC5F-70F9E9CF4CE8}
		{8A4DB70C-07FA-41BC-A54D-3A8D8975A83F} = {9B0F17F7-6C51-4EEA-AC5F-70F9E9CF4CE8}
		{F6A9A037-EF5D-4092-BC9E-59E00DEB730E} = {9B0F17F7-6C51-4EEA-AC5F-70F9E9CF4CE8}
	EndGlobalSection
	GlobalSection(ExtensibilityGlobals) = postSolution
		SolutionGuid = {85E5F897-6F33-4F7B-9E8F-78150F573E67}
	EndGlobalSection
EndGlobal
